
Microsoft Visual Studio Solution File, Format Version 12.00
# Visual Studio Version 17
VisualStudioVersion = 17.0.31903.59
MinimumVisualStudioVersion = 10.0.40219.1
Project("{2150E333-8FDC-42A3-9474-1A3956D46DE8}") = "src", "src", "{898F9C23-1C16-46E0-BCF3-D49A6D8CD811}"
EndProject
Project("{FAE04EC0-301F-11D3-BF4B-00C04F79EFBC}") = "AuctionService", "src\AuctionService\AuctionService.csproj", "{758EB804-ECB2-4138-B382-1C3DF49CC810}"
EndProject
Project("{FAE04EC0-301F-11D3-BF4B-00C04F79EFBC}") = "SearchService", "src\SearchService\SearchService.csproj", "{1C89D442-AE6E-4855-AFB8-C3C12AA6A2A2}"
EndProject
Project("{FAE04EC0-301F-11D3-BF4B-00C04F79EFBC}") = "Contracts", "src\Contracts\Contracts.csproj", "{867E9BF2-82D0-4949-BED9-F9B52B63AE83}"
EndProject
Project("{FAE04EC0-301F-11D3-BF4B-00C04F79EFBC}") = "IdentityService", "src\IdentityService\IdentityService.csproj", "{D9806B8E-6A8A-4486-9A0B-4F7D2C6230DF}"
EndProject
Global
	GlobalSection(SolutionConfigurationPlatforms) = preSolution
		Debug|Any CPU = Debug|Any CPU
		Release|Any CPU = Release|Any CPU
	EndGlobalSection
	GlobalSection(ProjectConfigurationPlatforms) = postSolution
		{758EB804-ECB2-4138-B382-1C3DF49CC810}.Debug|Any CPU.ActiveCfg = Debug|Any CPU
		{758EB804-ECB2-4138-B382-1C3DF49CC810}.Debug|Any CPU.Build.0 = Debug|Any CPU
		{758EB804-ECB2-4138-B382-1C3DF49CC810}.Release|Any CPU.ActiveCfg = Release|Any CPU
		{758EB804-ECB2-4138-B382-1C3DF49CC810}.Release|Any CPU.Build.0 = Release|Any CPU
		{1C89D442-AE6E-4855-AFB8-C3C12AA6A2A2}.Debug|Any CPU.ActiveCfg = Debug|Any CPU
		{1C89D442-AE6E-4855-AFB8-C3C12AA6A2A2}.Debug|Any CPU.Build.0 = Debug|Any CPU
		{1C89D442-AE6E-4855-AFB8-C3C12AA6A2A2}.Release|Any CPU.ActiveCfg = Release|Any CPU
		{1C89D442-AE6E-4855-AFB8-C3C12AA6A2A2}.Release|Any CPU.Build.0 = Release|Any CPU
		{867E9BF2-82D0-4949-BED9-F9B52B63AE83}.Debug|Any CPU.ActiveCfg = Debug|Any CPU
		{867E9BF2-82D0-4949-BED9-F9B52B63AE83}.Debug|Any CPU.Build.0 = Debug|Any CPU
		{867E9BF2-82D0-4949-BED9-F9B52B63AE83}.Release|Any CPU.ActiveCfg = Release|Any CPU
		{867E9BF2-82D0-4949-BED9-F9B52B63AE83}.Release|Any CPU.Build.0 = Release|Any CPU
		{D9806B8E-6A8A-4486-9A0B-4F7D2C6230DF}.Debug|Any CPU.ActiveCfg = Debug|Any CPU
		{D9806B8E-6A8A-4486-9A0B-4F7D2C6230DF}.Debug|Any CPU.Build.0 = Debug|Any CPU
		{D9806B8E-6A8A-4486-9A0B-4F7D2C6230DF}.Release|Any CPU.ActiveCfg = Release|Any CPU
		{D9806B8E-6A8A-4486-9A0B-4F7D2C6230DF}.Release|Any CPU.Build.0 = Release|Any CPU
	EndGlobalSection
	GlobalSection(SolutionProperties) = preSolution
		HideSolutionNode = FALSE
	EndGlobalSection
	GlobalSection(NestedProjects) = preSolution
		{758EB804-ECB2-4138-B382-1C3DF49CC810} = {898F9C23-1C16-46E0-BCF3-D49A6D8CD811}
		{1C89D442-AE6E-4855-AFB8-C3C12AA6A2A2} = {898F9C23-1C16-46E0-BCF3-D49A6D8CD811}
		{867E9BF2-82D0-4949-BED9-F9B52B63AE83} = {898F9C23-1C16-46E0-BCF3-D49A6D8CD811}
		{D9806B8E-6A8A-4486-9A0B-4F7D2C6230DF} = {898F9C23-1C16-46E0-BCF3-D49A6D8CD811}
	EndGlobalSection
EndGlobal
